
Microsoft Visual Studio Solution File, Format Version 12.00
# Visual Studio Version 16
VisualStudioVersion = 16.0.30503.244
MinimumVisualStudioVersion = 10.0.40219.1
Project("{8BC9CEB8-8B4A-11D0-8D11-00A0C91BC942}") = "Lab.1.Exc1", "Lab1\Lab1.vcxproj", "{D77A7940-9F82-41D4-94A4-7C183AB59F87}"
EndProject
Project("{8BC9CEB8-8B4A-11D0-8D11-00A0C91BC942}") = "Lab.1.Exc2", "Lab1.Exc2\Lab1.Exc2.vcxproj", "{8F0AFF09-06CF-446A-9152-1416ABEF0CCE}"
EndProject
Project("{8BC9CEB8-8B4A-11D0-8D11-00A0C91BC942}") = "Lab.1.Exc3", "Lab1.Exc.3\Lab1.Exc.3.vcxproj", "{3AAC6BAE-4108-4A9F-8039-EB38CB87F66F}"
EndProject
Project("{8BC9CEB8-8B4A-11D0-8D11-00A0C91BC942}") = "Lab.1.ControlTask.1", "Lab1.ControlTask.1\Lab1.ControlTask.1.vcxproj", "{60FF0141-2DC0-4AB2-9287-260E0764850B}"
EndProject
Project("{8BC9CEB8-8B4A-11D0-8D11-00A0C91BC942}") = "Lab.2.Exc.1.Task.1", "Lab2.Exc.1.Task.1\Lab2.Exc.1.Task.1.vcxproj", "{0B9B2EAA-851D-4E2F-A71E-9179BF915DD0}"
EndProject
Project("{8BC9CEB8-8B4A-11D0-8D11-00A0C91BC942}") = "Lab.2.Exc.1.Task.2", "Lab2.Exc.1.Task.2\Lab2.Exc.1.Task.2.vcxproj", "{619949F9-75E2-44FA-8054-2FF892B18381}"
EndProject
Project("{8BC9CEB8-8B4A-11D0-8D11-00A0C91BC942}") = "Lab.2.Exc.2.Task.1", "Lab2.Exc.2.Task.1\Lab2.Exc.2.Task.1.vcxproj", "{D40C99C2-6FDC-49D6-9AAB-B6609CAFD620}"
EndProject
Project("{8BC9CEB8-8B4A-11D0-8D11-00A0C91BC942}") = "Lab.2.Exc2.Task.2", "Lab2.Exc2.Task.2\Lab2.Exc2.Task.2.vcxproj", "{7169936F-A514-44B1-8FCF-C4E93F583256}"
EndProject
Project("{8BC9CEB8-8B4A-11D0-8D11-00A0C91BC942}") = "Lab.2.ControlTask.1", "Lab.2.ControlTask.1\Lab.2.ControlTask.1.vcxproj", "{7B764F65-1971-4F09-B8B1-43D5049B844A}"
EndProject
Project("{8BC9CEB8-8B4A-11D0-8D11-00A0C91BC942}") = "Lab.2.Exc3", "Lab2.Exc3\Lab2.Exc3.vcxproj", "{D7D5688B-0366-4E62-970B-998EB4288927}"
EndProject
Project("{8BC9CEB8-8B4A-11D0-8D11-00A0C91BC942}") = "Lab.2.ControlTask.2", "Lab.2.ControlTask.2\Lab.2.ControlTask.2.vcxproj", "{B513BD85-4904-4BD4-8AC0-86DB5008CC26}"
EndProject
Project("{8BC9CEB8-8B4A-11D0-8D11-00A0C91BC942}") = "Lab.2.ControlTask.3", "Lab.2.ControlTask.3\Lab.2.ControlTask.3.vcxproj", "{E5875C57-594F-44DD-96FF-C9E716403CA5}"
EndProject
Project("{8BC9CEB8-8B4A-11D0-8D11-00A0C91BC942}") = "Lab.2.ControlTask.4", "Lab.2.ControlTask.4\Lab.2.ControlTask.4.vcxproj", "{558D3B24-0053-48B2-9E7B-9F6B6E1A278D}"
EndProject
Project("{8BC9CEB8-8B4A-11D0-8D11-00A0C91BC942}") = "Lab.3.Exc.1.Task.1", "Lab.3.Exc.1.Task.1\Lab.3.Exc.1.Task.1.vcxproj", "{A517C0B1-D806-45C1-824B-09161FFDBCC9}"
EndProject
Project("{8BC9CEB8-8B4A-11D0-8D11-00A0C91BC942}") = "Lab.3.Exc.1.Task.2", "Lab.3.Exc.1.Task.2\Lab.3.Exc.1.Task.2.vcxproj", "{025E8F02-3601-4B7D-9C11-25C1A1570F5D}"
EndProject
Project("{8BC9CEB8-8B4A-11D0-8D11-00A0C91BC942}") = "Lab.3.ControlTask.1", "Lab.3.ControlTask.1\Lab.3.ControlTask.1.vcxproj", "{C8E63F98-40AC-42B5-97F5-1D22FC191501}"
EndProject
Project("{8BC9CEB8-8B4A-11D0-8D11-00A0C91BC942}") = "Lab.3.ControlTask.2", "Lab.3.ControlTask.2\Lab.3.ControlTask.2.vcxproj", "{FDB324F1-B8B6-47A5-8D07-939BE484ECCB}"
EndProject
Project("{8BC9CEB8-8B4A-11D0-8D11-00A0C91BC942}") = "Lab.3.ControlTask.4", "Lab.3.ControlTask.4\Lab.3.ControlTask.4.vcxproj", "{E5978AAC-D751-426A-AB39-CA0AE4179204}"
EndProject
Project("{8BC9CEB8-8B4A-11D0-8D11-00A0C91BC942}") = "Lab.4.Exc.1", "Lab.4.Exc.1\Lab.4.Exc.1.vcxproj", "{71CAA921-1433-4C4B-9695-972049D90218}"
EndProject
Project("{8BC9CEB8-8B4A-11D0-8D11-00A0C91BC942}") = "Lab.4.ControlTask.1", "Lab.4.ControlTask.1\Lab.4.ControlTask.1.vcxproj", "{2CC5CA36-EB97-4FC2-A761-C12EC57A4BBA}"
EndProject
Global
	GlobalSection(SolutionConfigurationPlatforms) = preSolution
		Debug|x64 = Debug|x64
		Debug|x86 = Debug|x86
		Release|x64 = Release|x64
		Release|x86 = Release|x86
	EndGlobalSection
	GlobalSection(ProjectConfigurationPlatforms) = postSolution
		{D77A7940-9F82-41D4-94A4-7C183AB59F87}.Debug|x64.ActiveCfg = Debug|x64
		{D77A7940-9F82-41D4-94A4-7C183AB59F87}.Debug|x64.Build.0 = Debug|x64
		{D77A7940-9F82-41D4-94A4-7C183AB59F87}.Debug|x86.ActiveCfg = Debug|Win32
		{D77A7940-9F82-41D4-94A4-7C183AB59F87}.Debug|x86.Build.0 = Debug|Win32
		{D77A7940-9F82-41D4-94A4-7C183AB59F87}.Release|x64.ActiveCfg = Release|x64
		{D77A7940-9F82-41D4-94A4-7C183AB59F87}.Release|x64.Build.0 = Release|x64
		{D77A7940-9F82-41D4-94A4-7C183AB59F87}.Release|x86.ActiveCfg = Release|Win32
		{D77A7940-9F82-41D4-94A4-7C183AB59F87}.Release|x86.Build.0 = Release|Win32
		{8F0AFF09-06CF-446A-9152-1416ABEF0CCE}.Debug|x64.ActiveCfg = Debug|x64
		{8F0AFF09-06CF-446A-9152-1416ABEF0CCE}.Debug|x64.Build.0 = Debug|x64
		{8F0AFF09-06CF-446A-9152-1416ABEF0CCE}.Debug|x86.ActiveCfg = Debug|Win32
		{8F0AFF09-06CF-446A-9152-1416ABEF0CCE}.Debug|x86.Build.0 = Debug|Win32
		{8F0AFF09-06CF-446A-9152-1416ABEF0CCE}.Release|x64.ActiveCfg = Release|x64
		{8F0AFF09-06CF-446A-9152-1416ABEF0CCE}.Release|x64.Build.0 = Release|x64
		{8F0AFF09-06CF-446A-9152-1416ABEF0CCE}.Release|x86.ActiveCfg = Release|Win32
		{8F0AFF09-06CF-446A-9152-1416ABEF0CCE}.Release|x86.Build.0 = Release|Win32
		{3AAC6BAE-4108-4A9F-8039-EB38CB87F66F}.Debug|x64.ActiveCfg = Debug|x64
		{3AAC6BAE-4108-4A9F-8039-EB38CB87F66F}.Debug|x64.Build.0 = Debug|x64
		{3AAC6BAE-4108-4A9F-8039-EB38CB87F66F}.Debug|x86.ActiveCfg = Debug|Win32
		{3AAC6BAE-4108-4A9F-8039-EB38CB87F66F}.Debug|x86.Build.0 = Debug|Win32
		{3AAC6BAE-4108-4A9F-8039-EB38CB87F66F}.Release|x64.ActiveCfg = Release|x64
		{3AAC6BAE-4108-4A9F-8039-EB38CB87F66F}.Release|x64.Build.0 = Release|x64
		{3AAC6BAE-4108-4A9F-8039-EB38CB87F66F}.Release|x86.ActiveCfg = Release|Win32
		{3AAC6BAE-4108-4A9F-8039-EB38CB87F66F}.Release|x86.Build.0 = Release|Win32
		{60FF0141-2DC0-4AB2-9287-260E0764850B}.Debug|x64.ActiveCfg = Debug|x64
		{60FF0141-2DC0-4AB2-9287-260E0764850B}.Debug|x64.Build.0 = Debug|x64
		{60FF0141-2DC0-4AB2-9287-260E0764850B}.Debug|x86.ActiveCfg = Debug|Win32
		{60FF0141-2DC0-4AB2-9287-260E0764850B}.Debug|x86.Build.0 = Debug|Win32
		{60FF0141-2DC0-4AB2-9287-260E0764850B}.Release|x64.ActiveCfg = Release|x64
		{60FF0141-2DC0-4AB2-9287-260E0764850B}.Release|x64.Build.0 = Release|x64
		{60FF0141-2DC0-4AB2-9287-260E0764850B}.Release|x86.ActiveCfg = Release|Win32
		{60FF0141-2DC0-4AB2-9287-260E0764850B}.Release|x86.Build.0 = Release|Win32
		{0B9B2EAA-851D-4E2F-A71E-9179BF915DD0}.Debug|x64.ActiveCfg = Debug|x64
		{0B9B2EAA-851D-4E2F-A71E-9179BF915DD0}.Debug|x64.Build.0 = Debug|x64
		{0B9B2EAA-851D-4E2F-A71E-9179BF915DD0}.Debug|x86.ActiveCfg = Debug|Win32
		{0B9B2EAA-851D-4E2F-A71E-9179BF915DD0}.Debug|x86.Build.0 = Debug|Win32
		{0B9B2EAA-851D-4E2F-A71E-9179BF915DD0}.Release|x64.ActiveCfg = Release|x64
		{0B9B2EAA-851D-4E2F-A71E-9179BF915DD0}.Release|x64.Build.0 = Release|x64
		{0B9B2EAA-851D-4E2F-A71E-9179BF915DD0}.Release|x86.ActiveCfg = Release|Win32
		{0B9B2EAA-851D-4E2F-A71E-9179BF915DD0}.Release|x86.Build.0 = Release|Win32
		{619949F9-75E2-44FA-8054-2FF892B18381}.Debug|x64.ActiveCfg = Debug|x64
		{619949F9-75E2-44FA-8054-2FF892B18381}.Debug|x64.Build.0 = Debug|x64
		{619949F9-75E2-44FA-8054-2FF892B18381}.Debug|x86.ActiveCfg = Debug|Win32
		{619949F9-75E2-44FA-8054-2FF892B18381}.Debug|x86.Build.0 = Debug|Win32
		{619949F9-75E2-44FA-8054-2FF892B18381}.Release|x64.ActiveCfg = Release|x64
		{619949F9-75E2-44FA-8054-2FF892B18381}.Release|x64.Build.0 = Release|x64
		{619949F9-75E2-44FA-8054-2FF892B18381}.Release|x86.ActiveCfg = Release|Win32
		{619949F9-75E2-44FA-8054-2FF892B18381}.Release|x86.Build.0 = Release|Win32
		{D40C99C2-6FDC-49D6-9AAB-B6609CAFD620}.Debug|x64.ActiveCfg = Debug|x64
		{D40C99C2-6FDC-49D6-9AAB-B6609CAFD620}.Debug|x64.Build.0 = Debug|x64
		{D40C99C2-6FDC-49D6-9AAB-B6609CAFD620}.Debug|x86.ActiveCfg = Debug|Win32
		{D40C99C2-6FDC-49D6-9AAB-B6609CAFD620}.Debug|x86.Build.0 = Debug|Win32
		{D40C99C2-6FDC-49D6-9AAB-B6609CAFD620}.Release|x64.ActiveCfg = Release|x64
		{D40C99C2-6FDC-49D6-9AAB-B6609CAFD620}.Release|x64.Build.0 = Release|x64
		{D40C99C2-6FDC-49D6-9AAB-B6609CAFD620}.Release|x86.ActiveCfg = Release|Win32
		{D40C99C2-6FDC-49D6-9AAB-B6609CAFD620}.Release|x86.Build.0 = Release|Win32
		{7169936F-A514-44B1-8FCF-C4E93F583256}.Debug|x64.ActiveCfg = Debug|x64
		{7169936F-A514-44B1-8FCF-C4E93F583256}.Debug|x64.Build.0 = Debug|x64
		{7169936F-A514-44B1-8FCF-C4E93F583256}.Debug|x86.ActiveCfg = Debug|Win32
		{7169936F-A514-44B1-8FCF-C4E93F583256}.Debug|x86.Build.0 = Debug|Win32
		{7169936F-A514-44B1-8FCF-C4E93F583256}.Release|x64.ActiveCfg = Release|x64
		{7169936F-A514-44B1-8FCF-C4E93F583256}.Release|x64.Build.0 = Release|x64
		{7169936F-A514-44B1-8FCF-C4E93F583256}.Release|x86.ActiveCfg = Release|Win32
		{7169936F-A514-44B1-8FCF-C4E93F583256}.Release|x86.Build.0 = Release|Win32
		{7B764F65-1971-4F09-B8B1-43D5049B844A}.Debug|x64.ActiveCfg = Debug|x64
		{7B764F65-1971-4F09-B8B1-43D5049B844A}.Debug|x64.Build.0 = Debug|x64
		{7B764F65-1971-4F09-B8B1-43D5049B844A}.Debug|x86.ActiveCfg = Debug|Win32
		{7B764F65-1971-4F09-B8B1-43D5049B844A}.Debug|x86.Build.0 = Debug|Win32
		{7B764F65-1971-4F09-B8B1-43D5049B844A}.Release|x64.ActiveCfg = Release|x64
		{7B764F65-1971-4F09-B8B1-43D5049B844A}.Release|x64.Build.0 = Release|x64
		{7B764F65-1971-4F09-B8B1-43D5049B844A}.Release|x86.ActiveCfg = Release|Win32
		{7B764F65-1971-4F09-B8B1-43D5049B844A}.Release|x86.Build.0 = Release|Win32
		{D7D5688B-0366-4E62-970B-998EB4288927}.Debug|x64.ActiveCfg = Debug|x64
		{D7D5688B-0366-4E62-970B-998EB4288927}.Debug|x64.Build.0 = Debug|x64
		{D7D5688B-0366-4E62-970B-998EB4288927}.Debug|x86.ActiveCfg = Debug|Win32
		{D7D5688B-0366-4E62-970B-998EB4288927}.Debug|x86.Build.0 = Debug|Win32
		{D7D5688B-0366-4E62-970B-998EB4288927}.Release|x64.ActiveCfg = Release|x64
		{D7D5688B-0366-4E62-970B-998EB4288927}.Release|x64.Build.0 = Release|x64
		{D7D5688B-0366-4E62-970B-998EB4288927}.Release|x86.ActiveCfg = Release|Win32
		{D7D5688B-0366-4E62-970B-998EB4288927}.Release|x86.Build.0 = Release|Win32
		{B513BD85-4904-4BD4-8AC0-86DB5008CC26}.Debug|x64.ActiveCfg = Debug|x64
		{B513BD85-4904-4BD4-8AC0-86DB5008CC26}.Debug|x64.Build.0 = Debug|x64
		{B513BD85-4904-4BD4-8AC0-86DB5008CC26}.Debug|x86.ActiveCfg = Debug|Win32
		{B513BD85-4904-4BD4-8AC0-86DB5008CC26}.Debug|x86.Build.0 = Debug|Win32
		{B513BD85-4904-4BD4-8AC0-86DB5008CC26}.Release|x64.ActiveCfg = Release|x64
		{B513BD85-4904-4BD4-8AC0-86DB5008CC26}.Release|x64.Build.0 = Release|x64
		{B513BD85-4904-4BD4-8AC0-86DB5008CC26}.Release|x86.ActiveCfg = Release|Win32
		{B513BD85-4904-4BD4-8AC0-86DB5008CC26}.Release|x86.Build.0 = Release|Win32
		{E5875C57-594F-44DD-96FF-C9E716403CA5}.Debug|x64.ActiveCfg = Debug|x64
		{E5875C57-594F-44DD-96FF-C9E716403CA5}.Debug|x64.Build.0 = Debug|x64
		{E5875C57-594F-44DD-96FF-C9E716403CA5}.Debug|x86.ActiveCfg = Debug|Win32
		{E5875C57-594F-44DD-96FF-C9E716403CA5}.Debug|x86.Build.0 = Debug|Win32
		{E5875C57-594F-44DD-96FF-C9E716403CA5}.Release|x64.ActiveCfg = Release|x64
		{E5875C57-594F-44DD-96FF-C9E716403CA5}.Release|x64.Build.0 = Release|x64
		{E5875C57-594F-44DD-96FF-C9E716403CA5}.Release|x86.ActiveCfg = Release|Win32
		{E5875C57-594F-44DD-96FF-C9E716403CA5}.Release|x86.Build.0 = Release|Win32
		{558D3B24-0053-48B2-9E7B-9F6B6E1A278D}.Debug|x64.ActiveCfg = Debug|x64
		{558D3B24-0053-48B2-9E7B-9F6B6E1A278D}.Debug|x64.Build.0 = Debug|x64
		{558D3B24-0053-48B2-9E7B-9F6B6E1A278D}.Debug|x86.ActiveCfg = Debug|Win32
		{558D3B24-0053-48B2-9E7B-9F6B6E1A278D}.Debug|x86.Build.0 = Debug|Win32
		{558D3B24-0053-48B2-9E7B-9F6B6E1A278D}.Release|x64.ActiveCfg = Release|x64
		{558D3B24-0053-48B2-9E7B-9F6B6E1A278D}.Release|x64.Build.0 = Release|x64
		{558D3B24-0053-48B2-9E7B-9F6B6E1A278D}.Release|x86.ActiveCfg = Release|Win32
		{558D3B24-0053-48B2-9E7B-9F6B6E1A278D}.Release|x86.Build.0 = Release|Win32
		{A517C0B1-D806-45C1-824B-09161FFDBCC9}.Debug|x64.ActiveCfg = Debug|x64
		{A517C0B1-D806-45C1-824B-09161FFDBCC9}.Debug|x64.Build.0 = Debug|x64
		{A517C0B1-D806-45C1-824B-09161FFDBCC9}.Debug|x86.ActiveCfg = Debug|Win32
		{A517C0B1-D806-45C1-824B-09161FFDBCC9}.Debug|x86.Build.0 = Debug|Win32
		{A517C0B1-D806-45C1-824B-09161FFDBCC9}.Release|x64.ActiveCfg = Release|x64
		{A517C0B1-D806-45C1-824B-09161FFDBCC9}.Release|x64.Build.0 = Release|x64
		{A517C0B1-D806-45C1-824B-09161FFDBCC9}.Release|x86.ActiveCfg = Release|Win32
		{A517C0B1-D806-45C1-824B-09161FFDBCC9}.Release|x86.Build.0 = Release|Win32
		{025E8F02-3601-4B7D-9C11-25C1A1570F5D}.Debug|x64.ActiveCfg = Debug|x64
		{025E8F02-3601-4B7D-9C11-25C1A1570F5D}.Debug|x64.Build.0 = Debug|x64
		{025E8F02-3601-4B7D-9C11-25C1A1570F5D}.Debug|x86.ActiveCfg = Debug|Win32
		{025E8F02-3601-4B7D-9C11-25C1A1570F5D}.Debug|x86.Build.0 = Debug|Win32
		{025E8F02-3601-4B7D-9C11-25C1A1570F5D}.Release|x64.ActiveCfg = Release|x64
		{025E8F02-3601-4B7D-9C11-25C1A1570F5D}.Release|x64.Build.0 = Release|x64
		{025E8F02-3601-4B7D-9C11-25C1A1570F5D}.Release|x86.ActiveCfg = Release|Win32
		{025E8F02-3601-4B7D-9C11-25C1A1570F5D}.Release|x86.Build.0 = Release|Win32
		{C8E63F98-40AC-42B5-97F5-1D22FC191501}.Debug|x64.ActiveCfg = Debug|x64
		{C8E63F98-40AC-42B5-97F5-1D22FC191501}.Debug|x64.Build.0 = Debug|x64
		{C8E63F98-40AC-42B5-97F5-1D22FC191501}.Debug|x86.ActiveCfg = Debug|Win32
		{C8E63F98-40AC-42B5-97F5-1D22FC191501}.Debug|x86.Build.0 = Debug|Win32
		{C8E63F98-40AC-42B5-97F5-1D22FC191501}.Release|x64.ActiveCfg = Release|x64
		{C8E63F98-40AC-42B5-97F5-1D22FC191501}.Release|x64.Build.0 = Release|x64
		{C8E63F98-40AC-42B5-97F5-1D22FC191501}.Release|x86.ActiveCfg = Release|Win32
		{C8E63F98-40AC-42B5-97F5-1D22FC191501}.Release|x86.Build.0 = Release|Win32
		{FDB324F1-B8B6-47A5-8D07-939BE484ECCB}.Debug|x64.ActiveCfg = Debug|x64
		{FDB324F1-B8B6-47A5-8D07-939BE484ECCB}.Debug|x64.Build.0 = Debug|x64
		{FDB324F1-B8B6-47A5-8D07-939BE484ECCB}.Debug|x86.ActiveCfg = Debug|Win32
		{FDB324F1-B8B6-47A5-8D07-939BE484ECCB}.Debug|x86.Build.0 = Debug|Win32
		{FDB324F1-B8B6-47A5-8D07-939BE484ECCB}.Release|x64.ActiveCfg = Release|x64
		{FDB324F1-B8B6-47A5-8D07-939BE484ECCB}.Release|x64.Build.0 = Release|x64
		{FDB324F1-B8B6-47A5-8D07-939BE484ECCB}.Release|x86.ActiveCfg = Release|Win32
		{FDB324F1-B8B6-47A5-8D07-939BE484ECCB}.Release|x86.Build.0 = Release|Win32
		{E5978AAC-D751-426A-AB39-CA0AE4179204}.Debug|x64.ActiveCfg = Debug|x64
		{E5978AAC-D751-426A-AB39-CA0AE4179204}.Debug|x64.Build.0 = Debug|x64
		{E5978AAC-D751-426A-AB39-CA0AE4179204}.Debug|x86.ActiveCfg = Debug|Win32
		{E5978AAC-D751-426A-AB39-CA0AE4179204}.Debug|x86.Build.0 = Debug|Win32
		{E5978AAC-D751-426A-AB39-CA0AE4179204}.Release|x64.ActiveCfg = Release|x64
		{E5978AAC-D751-426A-AB39-CA0AE4179204}.Release|x64.Build.0 = Release|x64
		{E5978AAC-D751-426A-AB39-CA0AE4179204}.Release|x86.ActiveCfg = Release|Win32
		{E5978AAC-D751-426A-AB39-CA0AE4179204}.Release|x86.Build.0 = Release|Win32
		{71CAA921-1433-4C4B-9695-972049D90218}.Debug|x64.ActiveCfg = Debug|x64
		{71CAA921-1433-4C4B-9695-972049D90218}.Debug|x64.Build.0 = Debug|x64
		{71CAA921-1433-4C4B-9695-972049D90218}.Debug|x86.ActiveCfg = Debug|Win32
		{71CAA921-1433-4C4B-9695-972049D90218}.Debug|x86.Build.0 = Debug|Win32
		{71CAA921-1433-4C4B-9695-972049D90218}.Release|x64.ActiveCfg = Release|x64
		{71CAA921-1433-4C4B-9695-972049D90218}.Release|x64.Build.0 = Release|x64
		{71CAA921-1433-4C4B-9695-972049D90218}.Release|x86.ActiveCfg = Release|Win32
		{71CAA921-1433-4C4B-9695-972049D90218}.Release|x86.Build.0 = Release|Win32
		{2CC5CA36-EB97-4FC2-A761-C12EC57A4BBA}.Debug|x64.ActiveCfg = Debug|x64
		{2CC5CA36-EB97-4FC2-A761-C12EC57A4BBA}.Debug|x64.Build.0 = Debug|x64
		{2CC5CA36-EB97-4FC2-A761-C12EC57A4BBA}.Debug|x86.ActiveCfg = Debug|Win32
		{2CC5CA36-EB97-4FC2-A761-C12EC57A4BBA}.Debug|x86.Build.0 = Debug|Win32
		{2CC5CA36-EB97-4FC2-A761-C12EC57A4BBA}.Release|x64.ActiveCfg = Release|x64
		{2CC5CA36-EB97-4FC2-A761-C12EC57A4BBA}.Release|x64.Build.0 = Release|x64
		{2CC5CA36-EB97-4FC2-A761-C12EC57A4BBA}.Release|x86.ActiveCfg = Release|Win32
		{2CC5CA36-EB97-4FC2-A761-C12EC57A4BBA}.Release|x86.Build.0 = Release|Win32
	EndGlobalSection
	GlobalSection(SolutionProperties) = preSolution
		HideSolutionNode = FALSE
	EndGlobalSection
	GlobalSection(ExtensibilityGlobals) = postSolution
		SolutionGuid = {DBCD80BD-DBAB-4E9E-913D-36D77CCFE4CC}
	EndGlobalSection
EndGlobal
